
Microsoft Visual Studio Solution File, Format Version 12.00
# Visual Studio Version 16
VisualStudioVersion = 16.0.32126.315
MinimumVisualStudioVersion = 10.0.40219.1
Project("{FAE04EC0-301F-11D3-BF4B-00C04F79EFBC}") = "Rayhound", "Rayhound\Rayhound.csproj", "{36AE03CE-2284-423B-86A9-93FFE6917222}"
EndProject
Global
	GlobalSection(SolutionConfigurationPlatforms) = preSolution
		Debug|Any CPU = Debug|Any CPU
		Release|Any CPU = Release|Any CPU
	EndGlobalSection
	GlobalSection(ProjectConfigurationPlatforms) = postSolution
		{36AE03CE-2284-423B-86A9-93FFE6917222}.Debug|Any CPU.ActiveCfg = Debug|Any CPU
		{36AE03CE-2284-423B-86A9-93FFE6917222}.Debug|Any CPU.Build.0 = Debug|Any CPU
		{36AE03CE-2284-423B-86A9-93FFE6917222}.Release|Any CPU.ActiveCfg = Release|Any CPU
		{36AE03CE-2284-423B-86A9-93FFE6917222}.Release|Any CPU.Build.0 = Release|Any CPU
	EndGlobalSection
	GlobalSection(SolutionProperties) = preSolution
		HideSolutionNode = FALSE
	EndGlobalSection
	GlobalSection(ExtensibilityGlobals) = postSolution
		SolutionGuid = {2070FB55-317C-481B-A859-15DBDC8818D2}
	EndGlobalSection
EndGlobal
